
Microsoft Visual Studio Solution File, Format Version 12.00
# Visual Studio Version 16
VisualStudioVersion = 16.0.31702.278
MinimumVisualStudioVersion = 10.0.40219.1
Project("{9A19103F-16F7-4668-BE54-9A1E7A4F7556}") = "TextAdventure", "TextAdventure\TextAdventure.csproj", "{2E846BFB-E160-4C4C-981F-129CE53171A7}"
EndProject
Global
	GlobalSection(SolutionConfigurationPlatforms) = preSolution
		Debug|Any CPU = Debug|Any CPU
		Release|Any CPU = Release|Any CPU
	EndGlobalSection
	GlobalSection(ProjectConfigurationPlatforms) = postSolution
		{2E846BFB-E160-4C4C-981F-129CE53171A7}.Debug|Any CPU.ActiveCfg = Debug|Any CPU
		{2E846BFB-E160-4C4C-981F-129CE53171A7}.Debug|Any CPU.Build.0 = Debug|Any CPU
		{2E846BFB-E160-4C4C-981F-129CE53171A7}.Release|Any CPU.ActiveCfg = Release|Any CPU
		{2E846BFB-E160-4C4C-981F-129CE53171A7}.Release|Any CPU.Build.0 = Release|Any CPU
	EndGlobalSection
	GlobalSection(SolutionProperties) = preSolution
		HideSolutionNode = FALSE
	EndGlobalSection
	GlobalSection(ExtensibilityGlobals) = postSolution
		SolutionGuid = {84B6B099-8D9E-450D-B28E-B8AE913E0E0D}
	EndGlobalSection
EndGlobal
